// !$*UTF8*$!
{
	archiveVersion = 1;
	classes = {
	};
	objectVersion = 48;
	objects = {

/* Begin PBXBuildFile section */
		682989941F98AABF00281EE4 /* AppDelegate.swift in Sources */ = {isa = PBXBuildFile; fileRef = 682989931F98AABF00281EE4 /* AppDelegate.swift */; };
		682989961F98AABF00281EE4 /* ViewController.swift in Sources */ = {isa = PBXBuildFile; fileRef = 682989951F98AABF00281EE4 /* ViewController.swift */; };
		682989991F98AABF00281EE4 /* Main.storyboard in Resources */ = {isa = PBXBuildFile; fileRef = 682989971F98AABF00281EE4 /* Main.storyboard */; };
		6829899C1F98AABF00281EE4 /* VideoApp.xcdatamodeld in Sources */ = {isa = PBXBuildFile; fileRef = 6829899A1F98AABF00281EE4 /* VideoApp.xcdatamodeld */; };
		6829899E1F98AABF00281EE4 /* Assets.xcassets in Resources */ = {isa = PBXBuildFile; fileRef = 6829899D1F98AABF00281EE4 /* Assets.xcassets */; };
		682989A11F98AABF00281EE4 /* LaunchScreen.storyboard in Resources */ = {isa = PBXBuildFile; fileRef = 6829899F1F98AABF00281EE4 /* LaunchScreen.storyboard */; };
		682989AA1F98AD4F00281EE4 /* VideoTableViewCell.swift in Sources */ = {isa = PBXBuildFile; fileRef = 682989A81F98AD4F00281EE4 /* VideoTableViewCell.swift */; };
		682989AB1F98AD4F00281EE4 /* VideoTableViewCell.xib in Resources */ = {isa = PBXBuildFile; fileRef = 682989A91F98AD4F00281EE4 /* VideoTableViewCell.xib */; };
		682989AE1F98B6F000281EE4 /* TheBeautyoftheNature.mp4 in Resources */ = {isa = PBXBuildFile; fileRef = 682989AD1F98B6E400281EE4 /* TheBeautyoftheNature.mp4 */; };
/* End PBXBuildFile section */

/* Begin PBXFileReference section */
		682989901F98AABF00281EE4 /* VideoApp.app */ = {isa = PBXFileReference; explicitFileType = wrapper.application; includeInIndex = 0; path = VideoApp.app; sourceTree = BUILT_PRODUCTS_DIR; };
		682989931F98AABF00281EE4 /* AppDelegate.swift */ = {isa = PBXFileReference; lastKnownFileType = sourcecode.swift; path = AppDelegate.swift; sourceTree = "<group>"; };
		682989951F98AABF00281EE4 /* ViewController.swift */ = {isa = PBXFileReference; lastKnownFileType = sourcecode.swift; path = ViewController.swift; sourceTree = "<group>"; };
		682989981F98AABF00281EE4 /* Base */ = {isa = PBXFileReference; lastKnownFileType = file.storyboard; name = Base; path = Base.lproj/Main.storyboard; sourceTree = "<group>"; };
		6829899B1F98AABF00281EE4 /* VideoApp.xcdatamodel */ = {isa = PBXFileReference; lastKnownFileType = wrapper.xcdatamodel; path = VideoApp.xcdatamodel; sourceTree = "<group>"; };
		6829899D1F98AABF00281EE4 /* Assets.xcassets */ = {isa = PBXFileReference; lastKnownFileType = folder.assetcatalog; path = Assets.xcassets; sourceTree = "<group>"; };
		682989A01F98AABF00281EE4 /* Base */ = {isa = PBXFileReference; lastKnownFileType = file.storyboard; name = Base; path = Base.lproj/LaunchScreen.storyboard; sourceTree = "<group>"; };
		682989A21F98AABF00281EE4 /* Info.plist */ = {isa = PBXFileReference; lastKnownFileType = text.plist.xml; path = Info.plist; sourceTree = "<group>"; };
		682989A81F98AD4F00281EE4 /* VideoTableViewCell.swift */ = {isa = PBXFileReference; lastKnownFileType = sourcecode.swift; path = VideoTableViewCell.swift; sourceTree = "<group>"; };
		682989A91F98AD4F00281EE4 /* VideoTableViewCell.xib */ = {isa = PBXFileReference; lastKnownFileType = file.xib; path = VideoTableViewCell.xib; sourceTree = "<group>"; };
		682989AD1F98B6E400281EE4 /* TheBeautyoftheNature.mp4 */ = {isa = PBXFileReference; lastKnownFileType = file; path = TheBeautyoftheNature.mp4; sourceTree = "<group>"; };
/* End PBXFileReference section */

/* Begin PBXFrameworksBuildPhase section */
		6829898D1F98AABF00281EE4 /* Frameworks */ = {
			isa = PBXFrameworksBuildPhase;
			buildActionMask = 2147483647;
			files = (
			);
			runOnlyForDeploymentPostprocessing = 0;
		};
/* End PBXFrameworksBuildPhase section */

/* Begin PBXGroup section */
		682989871F98AABF00281EE4 = {
			isa = PBXGroup;
			children = (
				682989921F98AABF00281EE4 /* VideoApp */,
				682989911F98AABF00281EE4 /* Products */,
			);
			sourceTree = "<group>";
		};
		682989911F98AABF00281EE4 /* Products */ = {
			isa = PBXGroup;
			children = (
				682989901F98AABF00281EE4 /* VideoApp.app */,
			);
			name = Products;
			sourceTree = "<group>";
		};
		682989921F98AABF00281EE4 /* VideoApp */ = {
			isa = PBXGroup;
			children = (
				682989AC1F98B6D200281EE4 /* Videos */,
				682989931F98AABF00281EE4 /* AppDelegate.swift */,
				682989951F98AABF00281EE4 /* ViewController.swift */,
				682989971F98AABF00281EE4 /* Main.storyboard */,
				6829899D1F98AABF00281EE4 /* Assets.xcassets */,
				6829899F1F98AABF00281EE4 /* LaunchScreen.storyboard */,
				682989A21F98AABF00281EE4 /* Info.plist */,
				6829899A1F98AABF00281EE4 /* VideoApp.xcdatamodeld */,
				682989A81F98AD4F00281EE4 /* VideoTableViewCell.swift */,
				682989A91F98AD4F00281EE4 /* VideoTableViewCell.xib */,
			);
			path = VideoApp;
			sourceTree = "<group>";
		};
		682989AC1F98B6D200281EE4 /* Videos */ = {
			isa = PBXGroup;
			children = (
				682989AD1F98B6E400281EE4 /* TheBeautyoftheNature.mp4 */,
			);
			path = Videos;
			sourceTree = "<group>";
		};
/* End PBXGroup section */

/* Begin PBXNativeTarget section */
		6829898F1F98AABF00281EE4 /* VideoApp */ = {
			isa = PBXNativeTarget;
			buildConfigurationList = 682989A51F98AABF00281EE4 /* Build configuration list for PBXNativeTarget "VideoApp" */;
			buildPhases = (
				6829898C1F98AABF00281EE4 /* Sources */,
				6829898D1F98AABF00281EE4 /* Frameworks */,
				6829898E1F98AABF00281EE4 /* Resources */,
			);
			buildRules = (
			);
			dependencies = (
			);
			name = VideoApp;
			productName = VideoApp;
			productReference = 682989901F98AABF00281EE4 /* VideoApp.app */;
			productType = "com.apple.product-type.application";
		};
/* End PBXNativeTarget section */

/* Begin PBXProject section */
		682989881F98AABF00281EE4 /* Project object */ = {
			isa = PBXProject;
			attributes = {
				LastSwiftUpdateCheck = 0900;
				LastUpgradeCheck = 0900;
				ORGANIZATIONNAME = "Yogesh S";
				TargetAttributes = {
					6829898F1F98AABF00281EE4 = {
						CreatedOnToolsVersion = 9.0;
						ProvisioningStyle = Automatic;
					};
				};
			};
			buildConfigurationList = 6829898B1F98AABF00281EE4 /* Build configuration list for PBXProject "VideoApp" */;
			compatibilityVersion = "Xcode 8.0";
			developmentRegion = en;
			hasScannedForEncodings = 0;
			knownRegions = (
				en,
				Base,
			);
			mainGroup = 682989871F98AABF00281EE4;
			productRefGroup = 682989911F98AABF00281EE4 /* Products */;
			projectDirPath = "";
			projectRoot = "";
			targets = (
				6829898F1F98AABF00281EE4 /* VideoApp */,
			);
		};
/* End PBXProject section */

/* Begin PBXResourcesBuildPhase section */
		6829898E1F98AABF00281EE4 /* Resources */ = {
			isa = PBXResourcesBuildPhase;
			buildActionMask = 2147483647;
			files = (
				682989AE1F98B6F000281EE4 /* TheBeautyoftheNature.mp4 in Resources */,
				682989A11F98AABF00281EE4 /* LaunchScreen.storyboard in Resources */,
				682989AB1F98AD4F00281EE4 /* VideoTableViewCell.xib in Resources */,
				6829899E1F98AABF00281EE4 /* Assets.xcassets in Resources */,
				682989991F98AABF00281EE4 /* Main.storyboard in Resources */,
			);
			runOnlyForDeploymentPostprocessing = 0;
		};
/* End PBXResourcesBuildPhase section */

/* Begin PBXSourcesBuildPhase section */
		6829898C1F98AABF00281EE4 /* Sources */ = {
			isa = PBXSourcesBuildPhase;
			buildActionMask = 2147483647;
			files = (
				682989961F98AABF00281EE4 /* ViewController.swift in Sources */,
				682989AA1F98AD4F00281EE4 /* VideoTableViewCell.swift in Sources */,
				6829899C1F98AABF00281EE4 /* VideoApp.xcdatamodeld in Sources */,
				682989941F98AABF00281EE4 /* AppDelegate.swift in Sources */,
			);
			runOnlyForDeploymentPostprocessing = 0;
		};
/* End PBXSourcesBuildPhase section */

/* Begin PBXVariantGroup section */
		682989971F98AABF00281EE4 /* Main.storyboard */ = {
			isa = PBXVariantGroup;
			children = (
				682989981F98AABF00281EE4 /* Base */,
			);
			name = Main.storyboard;
			sourceTree = "<group>";
		};
		6829899F1F98AABF00281EE4 /* LaunchScreen.storyboard */ = {
			isa = PBXVariantGroup;
			children = (
				682989A01F98AABF00281EE4 /* Base */,
			);
			name = LaunchScreen.storyboard;
			sourceTree = "<group>";
		};
/* End PBXVariantGroup section */

/* Begin XCBuildConfiguration section */
		682989A31F98AABF00281EE4 /* Debug */ = {
			isa = XCBuildConfiguration;
			buildSettings = {
				ALWAYS_SEARCH_USER_PATHS = NO;
				CLANG_ANALYZER_NONNULL = YES;
				CLANG_ANALYZER_NUMBER_OBJECT_CONVERSION = YES_AGGRESSIVE;
				CLANG_CXX_LANGUAGE_STANDARD = "gnu++14";
				CLANG_CXX_LIBRARY = "libc++";
				CLANG_ENABLE_MODULES = YES;
				CLANG_ENABLE_OBJC_ARC = YES;
				CLANG_WARN_BLOCK_CAPTURE_AUTORELEASING = YES;
				CLANG_WARN_BOOL_CONVERSION = YES;
				CLANG_WARN_COMMA = YES;
				CLANG_WARN_CONSTANT_CONVERSION = YES;
				CLANG_WARN_DIRECT_OBJC_ISA_USAGE = YES_ERROR;
				CLANG_WARN_DOCUMENTATION_COMMENTS = YES;
				CLANG_WARN_EMPTY_BODY = YES;
				CLANG_WARN_ENUM_CONVERSION = YES;
				CLANG_WARN_INFINITE_RECURSION = YES;
				CLANG_WARN_INT_CONVERSION = YES;
				CLANG_WARN_NON_LITERAL_NULL_CONVERSION = YES;
				CLANG_WARN_OBJC_LITERAL_CONVERSION = YES;
				CLANG_WARN_OBJC_ROOT_CLASS = YES_ERROR;
				CLANG_WARN_RANGE_LOOP_ANALYSIS = YES;
				CLANG_WARN_STRICT_PROTOTYPES = YES;
				CLANG_WARN_SUSPICIOUS_MOVE = YES;
				CLANG_WARN_UNGUARDED_AVAILABILITY = YES_AGGRESSIVE;
				CLANG_WARN_UNREACHABLE_CODE = YES;
				CLANG_WARN__DUPLICATE_METHOD_MATCH = YES;
				CODE_SIGN_IDENTITY = "iPhone Developer";
				COPY_PHASE_STRIP = NO;
				DEBUG_INFORMATION_FORMAT = dwarf;
				ENABLE_STRICT_OBJC_MSGSEND = YES;
				ENABLE_TESTABILITY = YES;
				GCC_C_LANGUAGE_STANDARD = gnu11;
				GCC_DYNAMIC_NO_PIC = NO;
				GCC_NO_COMMON_BLOCKS = YES;
				GCC_OPTIMIZATION_LEVEL = 0;
				GCC_PREPROCESSOR_DEFINITIONS = (
					"DEBUG=1",
					"$(inherited)",
				);
				GCC_WARN_64_TO_32_BIT_CONVERSION = YES;
				GCC_WARN_ABOUT_RETURN_TYPE = YES_ERROR;
				GCC_WARN_UNDECLARED_SELECTOR = YES;
				GCC_WARN_UNINITIALIZED_AUTOS = YES_AGGRESSIVE;
				GCC_WARN_UNUSED_FUNCTION = YES;
				GCC_WARN_UNUSED_VARIABLE = YES;
				IPHONEOS_DEPLOYMENT_TARGET = 11.0;
				MTL_ENABLE_DEBUG_INFO = YES;
				ONLY_ACTIVE_ARCH = YES;
				SDKROOT = iphoneos;
				SWIFT_ACTIVE_COMPILATION_CONDITIONS = DEBUG;
				SWIFT_OPTIMIZATION_LEVEL = "-Onone";
			};
			name = Debug;
		};
		682989A41F98AABF00281EE4 /* Release */ = {
			isa = XCBuildConfiguration;
			buildSettings = {
				ALWAYS_SEARCH_USER_PATHS = NO;
				CLANG_ANALYZER_NONNULL = YES;
				CLANG_ANALYZER_NUMBER_OBJECT_CONVERSION = YES_AGGRESSIVE;
				CLANG_CXX_LANGUAGE_STANDARD = "gnu++14";
				CLANG_CXX_LIBRARY = "libc++";
				CLANG_ENABLE_MODULES = YES;
				CLANG_ENABLE_OBJC_ARC = YES;
				CLANG_WARN_BLOCK_CAPTURE_AUTORELEASING = YES;
				CLANG_WARN_BOOL_CONVERSION = YES;
				CLANG_WARN_COMMA = YES;
				CLANG_WARN_CONSTANT_CONVERSION = YES;
				CLANG_WARN_DIRECT_OBJC_ISA_USAGE = YES_ERROR;
				CLANG_WARN_DOCUMENTATION_COMMENTS = YES;
				CLANG_WARN_EMPTY_BODY = YES;
				CLANG_WARN_ENUM_CONVERSION = YES;
				CLANG_WARN_INFINITE_RECURSION = YES;
				CLANG_WARN_INT_CONVERSION = YES;
				CLANG_WARN_NON_LITERAL_NULL_CONVERSION = YES;
				CLANG_WARN_OBJC_LITERAL_CONVERSION = YES;
				CLANG_WARN_OBJC_ROOT_CLASS = YES_ERROR;
				CLANG_WARN_RANGE_LOOP_ANALYSIS = YES;
				CLANG_WARN_STRICT_PROTOTYPES = YES;
				CLANG_WARN_SUSPICIOUS_MOVE = YES;
				CLANG_WARN_UNGUARDED_AVAILABILITY = YES_AGGRESSIVE;
				CLANG_WARN_UNREACHABLE_CODE = YES;
				CLANG_WARN__DUPLICATE_METHOD_MATCH = YES;
				CODE_SIGN_IDENTITY = "iPhone Developer";
				COPY_PHASE_STRIP = NO;
				DEBUG_INFORMATION_FORMAT = "dwarf-with-dsym";
				ENABLE_NS_ASSERTIONS = NO;
				ENABLE_STRICT_OBJC_MSGSEND = YES;
				GCC_C_LANGUAGE_STANDARD = gnu11;
				GCC_NO_COMMON_BLOCKS = YES;
				GCC_WARN_64_TO_32_BIT_CONVERSION = YES;
				GCC_WARN_ABOUT_RETURN_TYPE = YES_ERROR;
				GCC_WARN_UNDECLARED_SELECTOR = YES;
				GCC_WARN_UNINITIALIZED_AUTOS = YES_AGGRESSIVE;
				GCC_WARN_UNUSED_FUNCTION = YES;
				GCC_WARN_UNUSED_VARIABLE = YES;
				IPHONEOS_DEPLOYMENT_TARGET = 11.0;
				MTL_ENABLE_DEBUG_INFO = NO;
				SDKROOT = iphoneos;
				SWIFT_OPTIMIZATION_LEVEL = "-Owholemodule";
				VALIDATE_PRODUCT = YES;
			};
			name = Release;
		};
		682989A61F98AABF00281EE4 /* Debug */ = {
			isa = XCBuildConfiguration;
			buildSettings = {
				ASSETCATALOG_COMPILER_APPICON_NAME = AppIcon;
				CODE_SIGN_STYLE = Automatic;
				INFOPLIST_FILE = VideoApp/Info.plist;
				LD_RUNPATH_SEARCH_PATHS = "$(inherited) @executable_path/Frameworks";
				PRODUCT_BUNDLE_IDENTIFIER = me.VideoApp;
				PRODUCT_NAME = "$(TARGET_NAME)";
				SWIFT_VERSION = 4.0;
				TARGETED_DEVICE_FAMILY = "1,2";
			};
			name = Debug;
		};
		682989A71F98AABF00281EE4 /* Release */ = {
			isa = XCBuildConfiguration;
			buildSettings = {
				ASSETCATALOG_COMPILER_APPICON_NAME = AppIcon;
				CODE_SIGN_STYLE = Automatic;
				INFOPLIST_FILE = VideoApp/Info.plist;
				LD_RUNPATH_SEARCH_PATHS = "$(inherited) @executable_path/Frameworks";
				PRODUCT_BUNDLE_IDENTIFIER = me.VideoApp;
				PRODUCT_NAME = "$(TARGET_NAME)";
				SWIFT_VERSION = 4.0;
				TARGETED_DEVICE_FAMILY = "1,2";
			};
			name = Release;
		};
/* End XCBuildConfiguration section */

/* Begin XCConfigurationList section */
		6829898B1F98AABF00281EE4 /* Build configuration list for PBXProject "VideoApp" */ = {
			isa = XCConfigurationList;
			buildConfigurations = (
				682989A31F98AABF00281EE4 /* Debug */,
				682989A41F98AABF00281EE4 /* Release */,
			);
			defaultConfigurationIsVisible = 0;
			defaultConfigurationName = Release;
		};
		682989A51F98AABF00281EE4 /* Build configuration list for PBXNativeTarget "VideoApp" */ = {
			isa = XCConfigurationList;
			buildConfigurations = (
				682989A61F98AABF00281EE4 /* Debug */,
				682989A71F98AABF00281EE4 /* Release */,
			);
			defaultConfigurationIsVisible = 0;
			defaultConfigurationName = Release;
		};
/* End XCConfigurationList section */

/* Begin XCVersionGroup section */
		6829899A1F98AABF00281EE4 /* VideoApp.xcdatamodeld */ = {
			isa = XCVersionGroup;
			children = (
				6829899B1F98AABF00281EE4 /* VideoApp.xcdatamodel */,
			);
			currentVersion = 6829899B1F98AABF00281EE4 /* VideoApp.xcdatamodel */;
			path = VideoApp.xcdatamodeld;
			sourceTree = "<group>";
			versionGroupType = wrapper.xcdatamodel;
		};
/* End XCVersionGroup section */
	};
	rootObject = 682989881F98AABF00281EE4 /* Project object */;
}
